
Microsoft Visual Studio Solution File, Format Version 12.00
# Visual Studio Version 17
VisualStudioVersion = 17.7.34031.279
MinimumVisualStudioVersion = 10.0.40219.1
Project("{F184B08F-C81C-45F6-A57F-5ABD9991F28F}") = "8.  Perimeter of a rectangle", "8.  Perimeter of a rectangle.vbproj", "{B3C45E5A-FE0B-44DF-BBC2-FDE03F76D3A8}"
EndProject
Global
	GlobalSection(SolutionConfigurationPlatforms) = preSolution
		Debug|Any CPU = Debug|Any CPU
		Release|Any CPU = Release|Any CPU
	EndGlobalSection
	GlobalSection(ProjectConfigurationPlatforms) = postSolution
		{B3C45E5A-FE0B-44DF-BBC2-FDE03F76D3A8}.Debug|Any CPU.ActiveCfg = Debug|Any CPU
		{B3C45E5A-FE0B-44DF-BBC2-FDE03F76D3A8}.Debug|Any CPU.Build.0 = Debug|Any CPU
		{B3C45E5A-FE0B-44DF-BBC2-FDE03F76D3A8}.Release|Any CPU.ActiveCfg = Release|Any CPU
		{B3C45E5A-FE0B-44DF-BBC2-FDE03F76D3A8}.Release|Any CPU.Build.0 = Release|Any CPU
	EndGlobalSection
	GlobalSection(SolutionProperties) = preSolution
		HideSolutionNode = FALSE
	EndGlobalSection
	GlobalSection(ExtensibilityGlobals) = postSolution
		SolutionGuid = {80E3093A-F41E-40B8-9876-1263BD054520}
	EndGlobalSection
EndGlobal
